
Microsoft Visual Studio Solution File, Format Version 12.00
Project("{FAE04EC0-301F-11D3-BF4B-00C04F79EFBC}") = "Utgifter.Api", "Utgifter.Api\Utgifter.Api.csproj", "{A37EF32B-34D8-4CFA-8D9A-6A0C527D58ED}"
EndProject
Global
	GlobalSection(SolutionConfigurationPlatforms) = preSolution
		Debug|Any CPU = Debug|Any CPU
		Release|Any CPU = Release|Any CPU
	EndGlobalSection
	GlobalSection(ProjectConfigurationPlatforms) = postSolution
		{A37EF32B-34D8-4CFA-8D9A-6A0C527D58ED}.Debug|Any CPU.ActiveCfg = Debug|Any CPU
		{A37EF32B-34D8-4CFA-8D9A-6A0C527D58ED}.Debug|Any CPU.Build.0 = Debug|Any CPU
		{A37EF32B-34D8-4CFA-8D9A-6A0C527D58ED}.Release|Any CPU.ActiveCfg = Release|Any CPU
		{A37EF32B-34D8-4CFA-8D9A-6A0C527D58ED}.Release|Any CPU.Build.0 = Release|Any CPU
	EndGlobalSection
EndGlobal
