
Microsoft Visual Studio Solution File, Format Version 12.00
Project("{FAE04EC0-301F-11D3-BF4B-00C04F79EFBC}") = "Utgifter.Api", "Utgifter.Api\Utgifter.Api.csproj", "{A37EF32B-34D8-4CFA-8D9A-6A0C527D58ED}"
EndProject
Project("{FAE04EC0-301F-11D3-BF4B-00C04F79EFBC}") = "Utgifter.Tests", "Utgifter.Tests\Utgifter.Tests.csproj", "{C14D47D0-3C56-4F42-9978-F2D93004A3B8}"
EndProject
Global
	GlobalSection(SolutionConfigurationPlatforms) = preSolution
		Debug|Any CPU = Debug|Any CPU
		Debug|x64 = Debug|x64
		Debug|x86 = Debug|x86
		Release|Any CPU = Release|Any CPU
		Release|x64 = Release|x64
		Release|x86 = Release|x86
	EndGlobalSection
	GlobalSection(ProjectConfigurationPlatforms) = postSolution
		{A37EF32B-34D8-4CFA-8D9A-6A0C527D58ED}.Debug|Any CPU.ActiveCfg = Debug|Any CPU
		{A37EF32B-34D8-4CFA-8D9A-6A0C527D58ED}.Debug|Any CPU.Build.0 = Debug|Any CPU
		{A37EF32B-34D8-4CFA-8D9A-6A0C527D58ED}.Debug|x64.ActiveCfg = Debug|Any CPU
		{A37EF32B-34D8-4CFA-8D9A-6A0C527D58ED}.Debug|x64.Build.0 = Debug|Any CPU
		{A37EF32B-34D8-4CFA-8D9A-6A0C527D58ED}.Debug|x86.ActiveCfg = Debug|Any CPU
		{A37EF32B-34D8-4CFA-8D9A-6A0C527D58ED}.Debug|x86.Build.0 = Debug|Any CPU
		{A37EF32B-34D8-4CFA-8D9A-6A0C527D58ED}.Release|Any CPU.ActiveCfg = Release|Any CPU
		{A37EF32B-34D8-4CFA-8D9A-6A0C527D58ED}.Release|Any CPU.Build.0 = Release|Any CPU
		{A37EF32B-34D8-4CFA-8D9A-6A0C527D58ED}.Release|x64.ActiveCfg = Release|Any CPU
		{A37EF32B-34D8-4CFA-8D9A-6A0C527D58ED}.Release|x64.Build.0 = Release|Any CPU
		{A37EF32B-34D8-4CFA-8D9A-6A0C527D58ED}.Release|x86.ActiveCfg = Release|Any CPU
		{A37EF32B-34D8-4CFA-8D9A-6A0C527D58ED}.Release|x86.Build.0 = Release|Any CPU
		{C14D47D0-3C56-4F42-9978-F2D93004A3B8}.Debug|Any CPU.ActiveCfg = Debug|Any CPU
		{C14D47D0-3C56-4F42-9978-F2D93004A3B8}.Debug|Any CPU.Build.0 = Debug|Any CPU
		{C14D47D0-3C56-4F42-9978-F2D93004A3B8}.Debug|x64.ActiveCfg = Debug|Any CPU
		{C14D47D0-3C56-4F42-9978-F2D93004A3B8}.Debug|x64.Build.0 = Debug|Any CPU
		{C14D47D0-3C56-4F42-9978-F2D93004A3B8}.Debug|x86.ActiveCfg = Debug|Any CPU
		{C14D47D0-3C56-4F42-9978-F2D93004A3B8}.Debug|x86.Build.0 = Debug|Any CPU
		{C14D47D0-3C56-4F42-9978-F2D93004A3B8}.Release|Any CPU.ActiveCfg = Release|Any CPU
		{C14D47D0-3C56-4F42-9978-F2D93004A3B8}.Release|Any CPU.Build.0 = Release|Any CPU
		{C14D47D0-3C56-4F42-9978-F2D93004A3B8}.Release|x64.ActiveCfg = Release|Any CPU
		{C14D47D0-3C56-4F42-9978-F2D93004A3B8}.Release|x64.Build.0 = Release|Any CPU
		{C14D47D0-3C56-4F42-9978-F2D93004A3B8}.Release|x86.ActiveCfg = Release|Any CPU
		{C14D47D0-3C56-4F42-9978-F2D93004A3B8}.Release|x86.Build.0 = Release|Any CPU
	EndGlobalSection
	GlobalSection(SolutionProperties) = preSolution
		HideSolutionNode = FALSE
	EndGlobalSection
EndGlobal
